
Microsoft Visual Studio Solution File, Format Version 12.00
# Visual Studio 15
Project("{FAE04EC0-301F-11D3-BF4B-00C04F79EFBC}") = "Unity.RenderPipelines.GPUDriven.Runtime", "Unity.RenderPipelines.GPUDriven.Runtime.csproj", "{8FAD326F-5812-5B3B-B993-82E3A5E6E677}"
EndProject
Project("{FAE04EC0-301F-11D3-BF4B-00C04F79EFBC}") = "Unity.ShaderGraph.Editor", "Unity.ShaderGraph.Editor.csproj", "{8935FCF6-8BE3-59B2-FEC6-770523F16555}"
EndProject
Project("{FAE04EC0-301F-11D3-BF4B-00C04F79EFBC}") = "Unity.RenderPipelines.Core.Runtime", "Unity.RenderPipelines.Core.Runtime.csproj", "{14E94D4A-FA53-8BA8-8051-925974B8D498}"
EndProject
Project("{FAE04EC0-301F-11D3-BF4B-00C04F79EFBC}") = "Unity.Multiplayer.Center.Editor", "Unity.Multiplayer.Center.Editor.csproj", "{0A5A5837-1ACB-9B47-C8FE-AF3D81867637}"
EndProject
Project("{FAE04EC0-301F-11D3-BF4B-00C04F79EFBC}") = "Unity.RenderPipelines.Core.Editor", "Unity.RenderPipelines.Core.Editor.csproj", "{EDC5AEC0-DD44-28F6-935F-035C35272442}"
EndProject
Project("{FAE04EC0-301F-11D3-BF4B-00C04F79EFBC}") = "UnityEngine.UI", "UnityEngine.UI.csproj", "{E447FC74-E48E-10F3-80FB-A6F313CB9A75}"
EndProject
Project("{FAE04EC0-301F-11D3-BF4B-00C04F79EFBC}") = "Unity.RenderPipelines.Universal.2D.Runtime", "Unity.RenderPipelines.Universal.2D.Runtime.csproj", "{8CF3F4B7-B53B-7621-AD45-7337004245EF}"
EndProject
Project("{FAE04EC0-301F-11D3-BF4B-00C04F79EFBC}") = "Unity.RenderPipelines.Universal.Editor", "Unity.RenderPipelines.Universal.Editor.csproj", "{1F745922-522D-44DC-F474-52C954E4E7A7}"
EndProject
Project("{FAE04EC0-301F-11D3-BF4B-00C04F79EFBC}") = "UnityEngine.TestRunner", "UnityEngine.TestRunner.csproj", "{D15C8439-F82A-1225-FA82-A2AA3814CB9F}"
EndProject
Project("{FAE04EC0-301F-11D3-BF4B-00C04F79EFBC}") = "Unity.2D.Tilemap.Editor", "Unity.2D.Tilemap.Editor.csproj", "{54EE0DA8-83AD-EE5F-A234-118DF3F27E3D}"
EndProject
Project("{FAE04EC0-301F-11D3-BF4B-00C04F79EFBC}") = "PPv2URPConverters", "PPv2URPConverters.csproj", "{E7D5615E-90DD-BE51-EC49-D6C0B84CB969}"
EndProject
Project("{FAE04EC0-301F-11D3-BF4B-00C04F79EFBC}") = "UnityEditor.TestRunner", "UnityEditor.TestRunner.csproj", "{03A1D245-7C5A-9E36-BA61-4B742E085E19}"
EndProject
Project("{FAE04EC0-301F-11D3-BF4B-00C04F79EFBC}") = "Unity.RenderPipelines.Universal.Runtime", "Unity.RenderPipelines.Universal.Runtime.csproj", "{F983F82E-1460-3CEE-1D59-5B1E4730801B}"
EndProject
Project("{FAE04EC0-301F-11D3-BF4B-00C04F79EFBC}") = "Unity.TextMeshPro", "Unity.TextMeshPro.csproj", "{A8F9C864-2734-F901-2AE9-491A9F73BD7D}"
EndProject
Project("{FAE04EC0-301F-11D3-BF4B-00C04F79EFBC}") = "Unity.TextMeshPro.Editor", "Unity.TextMeshPro.Editor.csproj", "{38A29992-7B8E-2756-910B-2F4C8D406028}"
EndProject
Project("{FAE04EC0-301F-11D3-BF4B-00C04F79EFBC}") = "Unity.Rendering.LightTransport.Runtime", "Unity.Rendering.LightTransport.Runtime.csproj", "{0E1C5412-94F8-7868-BC60-C2489CB579DF}"
EndProject
Project("{FAE04EC0-301F-11D3-BF4B-00C04F79EFBC}") = "UnityEditor.UI", "UnityEditor.UI.csproj", "{401D1450-A28B-99FD-AC69-254753B35E5E}"
EndProject
Project("{FAE04EC0-301F-11D3-BF4B-00C04F79EFBC}") = "Unity.2D.Sprite.Editor", "Unity.2D.Sprite.Editor.csproj", "{13403A1C-13A2-F673-F9EC-E1739A6000E3}"
EndProject
Project("{FAE04EC0-301F-11D3-BF4B-00C04F79EFBC}") = "Unity.Multiplayer.Center.Common", "Unity.Multiplayer.Center.Common.csproj", "{4E03039D-C7DA-B0B1-90E7-33D0B99C172B}"
EndProject
Project("{FAE04EC0-301F-11D3-BF4B-00C04F79EFBC}") = "Unity.ShaderGraph.Utilities", "Unity.ShaderGraph.Utilities.csproj", "{B3CE88CC-C523-BEFF-CA84-A4BC9076E64D}"
EndProject
Project("{FAE04EC0-301F-11D3-BF4B-00C04F79EFBC}") = "Unity.RenderPipeline.Universal.ShaderLibrary", "Unity.RenderPipeline.Universal.ShaderLibrary.csproj", "{79084202-2A42-8F80-AC68-7898726FC6A0}"
EndProject
Project("{FAE04EC0-301F-11D3-BF4B-00C04F79EFBC}") = "Unity.Rendering.LightTransport.Editor", "Unity.Rendering.LightTransport.Editor.csproj", "{1E7B7568-8555-D88F-C29E-16E001CFFE43}"
EndProject
Project("{FAE04EC0-301F-11D3-BF4B-00C04F79EFBC}") = "Unity.RenderPipelines.Universal.Shaders", "Unity.RenderPipelines.Universal.Shaders.csproj", "{29118F4A-1E45-4A8A-6F59-00AE9DDFDEBC}"
EndProject
Project("{FAE04EC0-301F-11D3-BF4B-00C04F79EFBC}") = "Unity.RenderPipelines.Core.Runtime.Shared", "Unity.RenderPipelines.Core.Runtime.Shared.csproj", "{C4C184F2-644F-1C7A-6E25-7D6A7ED89520}"
EndProject
Project("{FAE04EC0-301F-11D3-BF4B-00C04F79EFBC}") = "Unity.2D.Sprite.AIIntegration.Editor", "Unity.2D.Sprite.AIIntegration.Editor.csproj", "{599B6E1F-1AD7-7CF1-0B7C-0C916450B8D3}"
EndProject
Project("{FAE04EC0-301F-11D3-BF4B-00C04F79EFBC}") = "Unity.RenderPipelines.Universal.Config.Runtime", "Unity.RenderPipelines.Universal.Config.Runtime.csproj", "{2AE33FDE-3A3F-9990-CE48-C3D233BD03F8}"
EndProject
Project("{FAE04EC0-301F-11D3-BF4B-00C04F79EFBC}") = "Unity.RenderPipelines.ShaderGraph.ShaderGraphLibrary", "Unity.RenderPipelines.ShaderGraph.ShaderGraphLibrary.csproj", "{D8628ABF-DB84-7EEC-88C6-8D52DFDAD56F}"
EndProject
Project("{FAE04EC0-301F-11D3-BF4B-00C04F79EFBC}") = "Unity.RenderPipelines.Core.ShaderLibrary", "Unity.RenderPipelines.Core.ShaderLibrary.csproj", "{1A32AEF9-48B5-DEFC-C80A-EBBB25AC31DE}"
EndProject
Project("{FAE04EC0-301F-11D3-BF4B-00C04F79EFBC}") = "Unity.RenderPipelines.Core.Editor.Shared", "Unity.RenderPipelines.Core.Editor.Shared.csproj", "{E5B5F119-AF53-B1B4-A7B8-D728C19A7152}"
EndProject
Global
	GlobalSection(SolutionConfigurationPlatforms) = preSolution
		Debug|Any CPU = Debug|Any CPU
		Release|Any CPU = Release|Any CPU
	EndGlobalSection
	GlobalSection(ProjectConfigurationPlatforms) = postSolution
		{8FAD326F-5812-5B3B-B993-82E3A5E6E677}.Debug|Any CPU.ActiveCfg = Debug|Any CPU
		{8FAD326F-5812-5B3B-B993-82E3A5E6E677}.Debug|Any CPU.Build.0 = Debug|Any CPU
		{8FAD326F-5812-5B3B-B993-82E3A5E6E677}.Release|Any CPU.ActiveCfg = Release|Any CPU
		{8FAD326F-5812-5B3B-B993-82E3A5E6E677}.Release|Any CPU.Build.0 = Release|Any CPU
		{8935FCF6-8BE3-59B2-FEC6-770523F16555}.Debug|Any CPU.ActiveCfg = Debug|Any CPU
		{8935FCF6-8BE3-59B2-FEC6-770523F16555}.Debug|Any CPU.Build.0 = Debug|Any CPU
		{8935FCF6-8BE3-59B2-FEC6-770523F16555}.Release|Any CPU.ActiveCfg = Release|Any CPU
		{8935FCF6-8BE3-59B2-FEC6-770523F16555}.Release|Any CPU.Build.0 = Release|Any CPU
		{14E94D4A-FA53-8BA8-8051-925974B8D498}.Debug|Any CPU.ActiveCfg = Debug|Any CPU
		{14E94D4A-FA53-8BA8-8051-925974B8D498}.Debug|Any CPU.Build.0 = Debug|Any CPU
		{14E94D4A-FA53-8BA8-8051-925974B8D498}.Release|Any CPU.ActiveCfg = Release|Any CPU
		{14E94D4A-FA53-8BA8-8051-925974B8D498}.Release|Any CPU.Build.0 = Release|Any CPU
		{0A5A5837-1ACB-9B47-C8FE-AF3D81867637}.Debug|Any CPU.ActiveCfg = Debug|Any CPU
		{0A5A5837-1ACB-9B47-C8FE-AF3D81867637}.Debug|Any CPU.Build.0 = Debug|Any CPU
		{0A5A5837-1ACB-9B47-C8FE-AF3D81867637}.Release|Any CPU.ActiveCfg = Release|Any CPU
		{0A5A5837-1ACB-9B47-C8FE-AF3D81867637}.Release|Any CPU.Build.0 = Release|Any CPU
		{EDC5AEC0-DD44-28F6-935F-035C35272442}.Debug|Any CPU.ActiveCfg = Debug|Any CPU
		{EDC5AEC0-DD44-28F6-935F-035C35272442}.Debug|Any CPU.Build.0 = Debug|Any CPU
		{EDC5AEC0-DD44-28F6-935F-035C35272442}.Release|Any CPU.ActiveCfg = Release|Any CPU
		{EDC5AEC0-DD44-28F6-935F-035C35272442}.Release|Any CPU.Build.0 = Release|Any CPU
		{E447FC74-E48E-10F3-80FB-A6F313CB9A75}.Debug|Any CPU.ActiveCfg = Debug|Any CPU
		{E447FC74-E48E-10F3-80FB-A6F313CB9A75}.Debug|Any CPU.Build.0 = Debug|Any CPU
		{E447FC74-E48E-10F3-80FB-A6F313CB9A75}.Release|Any CPU.ActiveCfg = Release|Any CPU
		{E447FC74-E48E-10F3-80FB-A6F313CB9A75}.Release|Any CPU.Build.0 = Release|Any CPU
		{8CF3F4B7-B53B-7621-AD45-7337004245EF}.Debug|Any CPU.ActiveCfg = Debug|Any CPU
		{8CF3F4B7-B53B-7621-AD45-7337004245EF}.Debug|Any CPU.Build.0 = Debug|Any CPU
		{8CF3F4B7-B53B-7621-AD45-7337004245EF}.Release|Any CPU.ActiveCfg = Release|Any CPU
		{8CF3F4B7-B53B-7621-AD45-7337004245EF}.Release|Any CPU.Build.0 = Release|Any CPU
		{1F745922-522D-44DC-F474-52C954E4E7A7}.Debug|Any CPU.ActiveCfg = Debug|Any CPU
		{1F745922-522D-44DC-F474-52C954E4E7A7}.Debug|Any CPU.Build.0 = Debug|Any CPU
		{1F745922-522D-44DC-F474-52C954E4E7A7}.Release|Any CPU.ActiveCfg = Release|Any CPU
		{1F745922-522D-44DC-F474-52C954E4E7A7}.Release|Any CPU.Build.0 = Release|Any CPU
		{D15C8439-F82A-1225-FA82-A2AA3814CB9F}.Debug|Any CPU.ActiveCfg = Debug|Any CPU
		{D15C8439-F82A-1225-FA82-A2AA3814CB9F}.Debug|Any CPU.Build.0 = Debug|Any CPU
		{D15C8439-F82A-1225-FA82-A2AA3814CB9F}.Release|Any CPU.ActiveCfg = Release|Any CPU
		{D15C8439-F82A-1225-FA82-A2AA3814CB9F}.Release|Any CPU.Build.0 = Release|Any CPU
		{54EE0DA8-83AD-EE5F-A234-118DF3F27E3D}.Debug|Any CPU.ActiveCfg = Debug|Any CPU
		{54EE0DA8-83AD-EE5F-A234-118DF3F27E3D}.Debug|Any CPU.Build.0 = Debug|Any CPU
		{54EE0DA8-83AD-EE5F-A234-118DF3F27E3D}.Release|Any CPU.ActiveCfg = Release|Any CPU
		{54EE0DA8-83AD-EE5F-A234-118DF3F27E3D}.Release|Any CPU.Build.0 = Release|Any CPU
		{E7D5615E-90DD-BE51-EC49-D6C0B84CB969}.Debug|Any CPU.ActiveCfg = Debug|Any CPU
		{E7D5615E-90DD-BE51-EC49-D6C0B84CB969}.Debug|Any CPU.Build.0 = Debug|Any CPU
		{E7D5615E-90DD-BE51-EC49-D6C0B84CB969}.Release|Any CPU.ActiveCfg = Release|Any CPU
		{E7D5615E-90DD-BE51-EC49-D6C0B84CB969}.Release|Any CPU.Build.0 = Release|Any CPU
		{03A1D245-7C5A-9E36-BA61-4B742E085E19}.Debug|Any CPU.ActiveCfg = Debug|Any CPU
		{03A1D245-7C5A-9E36-BA61-4B742E085E19}.Debug|Any CPU.Build.0 = Debug|Any CPU
		{03A1D245-7C5A-9E36-BA61-4B742E085E19}.Release|Any CPU.ActiveCfg = Release|Any CPU
		{03A1D245-7C5A-9E36-BA61-4B742E085E19}.Release|Any CPU.Build.0 = Release|Any CPU
		{F983F82E-1460-3CEE-1D59-5B1E4730801B}.Debug|Any CPU.ActiveCfg = Debug|Any CPU
		{F983F82E-1460-3CEE-1D59-5B1E4730801B}.Debug|Any CPU.Build.0 = Debug|Any CPU
		{F983F82E-1460-3CEE-1D59-5B1E4730801B}.Release|Any CPU.ActiveCfg = Release|Any CPU
		{F983F82E-1460-3CEE-1D59-5B1E4730801B}.Release|Any CPU.Build.0 = Release|Any CPU
		{A8F9C864-2734-F901-2AE9-491A9F73BD7D}.Debug|Any CPU.ActiveCfg = Debug|Any CPU
		{A8F9C864-2734-F901-2AE9-491A9F73BD7D}.Debug|Any CPU.Build.0 = Debug|Any CPU
		{A8F9C864-2734-F901-2AE9-491A9F73BD7D}.Release|Any CPU.ActiveCfg = Release|Any CPU
		{A8F9C864-2734-F901-2AE9-491A9F73BD7D}.Release|Any CPU.Build.0 = Release|Any CPU
		{38A29992-7B8E-2756-910B-2F4C8D406028}.Debug|Any CPU.ActiveCfg = Debug|Any CPU
		{38A29992-7B8E-2756-910B-2F4C8D406028}.Debug|Any CPU.Build.0 = Debug|Any CPU
		{38A29992-7B8E-2756-910B-2F4C8D406028}.Release|Any CPU.ActiveCfg = Release|Any CPU
		{38A29992-7B8E-2756-910B-2F4C8D406028}.Release|Any CPU.Build.0 = Release|Any CPU
		{0E1C5412-94F8-7868-BC60-C2489CB579DF}.Debug|Any CPU.ActiveCfg = Debug|Any CPU
		{0E1C5412-94F8-7868-BC60-C2489CB579DF}.Debug|Any CPU.Build.0 = Debug|Any CPU
		{0E1C5412-94F8-7868-BC60-C2489CB579DF}.Release|Any CPU.ActiveCfg = Release|Any CPU
		{0E1C5412-94F8-7868-BC60-C2489CB579DF}.Release|Any CPU.Build.0 = Release|Any CPU
		{401D1450-A28B-99FD-AC69-254753B35E5E}.Debug|Any CPU.ActiveCfg = Debug|Any CPU
		{401D1450-A28B-99FD-AC69-254753B35E5E}.Debug|Any CPU.Build.0 = Debug|Any CPU
		{401D1450-A28B-99FD-AC69-254753B35E5E}.Release|Any CPU.ActiveCfg = Release|Any CPU
		{401D1450-A28B-99FD-AC69-254753B35E5E}.Release|Any CPU.Build.0 = Release|Any CPU
		{13403A1C-13A2-F673-F9EC-E1739A6000E3}.Debug|Any CPU.ActiveCfg = Debug|Any CPU
		{13403A1C-13A2-F673-F9EC-E1739A6000E3}.Debug|Any CPU.Build.0 = Debug|Any CPU
		{13403A1C-13A2-F673-F9EC-E1739A6000E3}.Release|Any CPU.ActiveCfg = Release|Any CPU
		{13403A1C-13A2-F673-F9EC-E1739A6000E3}.Release|Any CPU.Build.0 = Release|Any CPU
		{4E03039D-C7DA-B0B1-90E7-33D0B99C172B}.Debug|Any CPU.ActiveCfg = Debug|Any CPU
		{4E03039D-C7DA-B0B1-90E7-33D0B99C172B}.Debug|Any CPU.Build.0 = Debug|Any CPU
		{4E03039D-C7DA-B0B1-90E7-33D0B99C172B}.Release|Any CPU.ActiveCfg = Release|Any CPU
		{4E03039D-C7DA-B0B1-90E7-33D0B99C172B}.Release|Any CPU.Build.0 = Release|Any CPU
		{B3CE88CC-C523-BEFF-CA84-A4BC9076E64D}.Debug|Any CPU.ActiveCfg = Debug|Any CPU
		{B3CE88CC-C523-BEFF-CA84-A4BC9076E64D}.Debug|Any CPU.Build.0 = Debug|Any CPU
		{B3CE88CC-C523-BEFF-CA84-A4BC9076E64D}.Release|Any CPU.ActiveCfg = Release|Any CPU
		{B3CE88CC-C523-BEFF-CA84-A4BC9076E64D}.Release|Any CPU.Build.0 = Release|Any CPU
		{79084202-2A42-8F80-AC68-7898726FC6A0}.Debug|Any CPU.ActiveCfg = Debug|Any CPU
		{79084202-2A42-8F80-AC68-7898726FC6A0}.Debug|Any CPU.Build.0 = Debug|Any CPU
		{79084202-2A42-8F80-AC68-7898726FC6A0}.Release|Any CPU.ActiveCfg = Release|Any CPU
		{79084202-2A42-8F80-AC68-7898726FC6A0}.Release|Any CPU.Build.0 = Release|Any CPU
		{1E7B7568-8555-D88F-C29E-16E001CFFE43}.Debug|Any CPU.ActiveCfg = Debug|Any CPU
		{1E7B7568-8555-D88F-C29E-16E001CFFE43}.Debug|Any CPU.Build.0 = Debug|Any CPU
		{1E7B7568-8555-D88F-C29E-16E001CFFE43}.Release|Any CPU.ActiveCfg = Release|Any CPU
		{1E7B7568-8555-D88F-C29E-16E001CFFE43}.Release|Any CPU.Build.0 = Release|Any CPU
		{29118F4A-1E45-4A8A-6F59-00AE9DDFDEBC}.Debug|Any CPU.ActiveCfg = Debug|Any CPU
		{29118F4A-1E45-4A8A-6F59-00AE9DDFDEBC}.Debug|Any CPU.Build.0 = Debug|Any CPU
		{29118F4A-1E45-4A8A-6F59-00AE9DDFDEBC}.Release|Any CPU.ActiveCfg = Release|Any CPU
		{29118F4A-1E45-4A8A-6F59-00AE9DDFDEBC}.Release|Any CPU.Build.0 = Release|Any CPU
		{C4C184F2-644F-1C7A-6E25-7D6A7ED89520}.Debug|Any CPU.ActiveCfg = Debug|Any CPU
		{C4C184F2-644F-1C7A-6E25-7D6A7ED89520}.Debug|Any CPU.Build.0 = Debug|Any CPU
		{C4C184F2-644F-1C7A-6E25-7D6A7ED89520}.Release|Any CPU.ActiveCfg = Release|Any CPU
		{C4C184F2-644F-1C7A-6E25-7D6A7ED89520}.Release|Any CPU.Build.0 = Release|Any CPU
		{599B6E1F-1AD7-7CF1-0B7C-0C916450B8D3}.Debug|Any CPU.ActiveCfg = Debug|Any CPU
		{599B6E1F-1AD7-7CF1-0B7C-0C916450B8D3}.Debug|Any CPU.Build.0 = Debug|Any CPU
		{599B6E1F-1AD7-7CF1-0B7C-0C916450B8D3}.Release|Any CPU.ActiveCfg = Release|Any CPU
		{599B6E1F-1AD7-7CF1-0B7C-0C916450B8D3}.Release|Any CPU.Build.0 = Release|Any CPU
		{2AE33FDE-3A3F-9990-CE48-C3D233BD03F8}.Debug|Any CPU.ActiveCfg = Debug|Any CPU
		{2AE33FDE-3A3F-9990-CE48-C3D233BD03F8}.Debug|Any CPU.Build.0 = Debug|Any CPU
		{2AE33FDE-3A3F-9990-CE48-C3D233BD03F8}.Release|Any CPU.ActiveCfg = Release|Any CPU
		{2AE33FDE-3A3F-9990-CE48-C3D233BD03F8}.Release|Any CPU.Build.0 = Release|Any CPU
		{D8628ABF-DB84-7EEC-88C6-8D52DFDAD56F}.Debug|Any CPU.ActiveCfg = Debug|Any CPU
		{D8628ABF-DB84-7EEC-88C6-8D52DFDAD56F}.Debug|Any CPU.Build.0 = Debug|Any CPU
		{D8628ABF-DB84-7EEC-88C6-8D52DFDAD56F}.Release|Any CPU.ActiveCfg = Release|Any CPU
		{D8628ABF-DB84-7EEC-88C6-8D52DFDAD56F}.Release|Any CPU.Build.0 = Release|Any CPU
		{1A32AEF9-48B5-DEFC-C80A-EBBB25AC31DE}.Debug|Any CPU.ActiveCfg = Debug|Any CPU
		{1A32AEF9-48B5-DEFC-C80A-EBBB25AC31DE}.Debug|Any CPU.Build.0 = Debug|Any CPU
		{1A32AEF9-48B5-DEFC-C80A-EBBB25AC31DE}.Release|Any CPU.ActiveCfg = Release|Any CPU
		{1A32AEF9-48B5-DEFC-C80A-EBBB25AC31DE}.Release|Any CPU.Build.0 = Release|Any CPU
		{E5B5F119-AF53-B1B4-A7B8-D728C19A7152}.Debug|Any CPU.ActiveCfg = Debug|Any CPU
		{E5B5F119-AF53-B1B4-A7B8-D728C19A7152}.Debug|Any CPU.Build.0 = Debug|Any CPU
		{E5B5F119-AF53-B1B4-A7B8-D728C19A7152}.Release|Any CPU.ActiveCfg = Release|Any CPU
		{E5B5F119-AF53-B1B4-A7B8-D728C19A7152}.Release|Any CPU.Build.0 = Release|Any CPU
	EndGlobalSection
	GlobalSection(SolutionProperties) = preSolution
		HideSolutionNode = FALSE
	EndGlobalSection
EndGlobal
